{
  "version": 4,
  "terraform_version": "1.3.7",
  "serial": 11,
  "lineage": "c553c631-6df7-7d06-ec34-bfeeeff36431",
  "outputs": {},
  "resources": [
    {
      "mode": "managed",
      "type": "local_file",
      "name": "test_file",
      "provider": "provider[\"registry.terraform.io/hashicorp/local\"]",
      "instances": [
        {
          "schema_version": 0,
          "attributes": {
            "content": "This is first local file",
            "content_base64": null,
            "content_base64sha256": "KBnHTT6tKAy7Hw5JWHcpVtgwK9JipARwFniENPqbbdY=",
            "content_base64sha512": "imQipFszmFVkU0Kk/p7rOIe1Pi0MocJRcUNNwKNsJl5D8ESEvEdBiv+T/6U/1unqOcIowxh13c1NHRROf2CW9Q==",
            "content_md5": "736e78ce233dbf5f15e49603e72b7894",
            "content_sha1": "405e275458fd75cc1aeef1a4cdfb51b3742b8f94",
            "content_sha256": "2819c74d3ead280cbb1f0e4958772956d8302bd262a4047016788434fa9b6dd6",
            "content_sha512": "8a6422a45b339855645342a4fe9eeb3887b53e2d0ca1c25171434dc0a36c265e43f04484bc47418aff93ffa53fd6e9ea39c228c31875ddcd4d1d144e7f6096f5",
            "directory_permission": "0777",
            "file_permission": "0777",
            "filename": "example/my_local_file",
            "id": "405e275458fd75cc1aeef1a4cdfb51b3742b8f94",
            "sensitive_content": null,
            "source": null
          },
          "sensitive_attributes": []
        }
      ]
    },
    {
      "mode": "managed",
      "type": "local_file",
      "name": "test_file1",
      "provider": "provider[\"registry.terraform.io/hashicorp/local\"]",
      "instances": [
        {
          "schema_version": 0,
          "attributes": {
            "content": "This is the default value. Id of first file is 405e275458fd75cc1aeef1a4cdfb51b3742b8f94",
            "content_base64": null,
            "content_base64sha256": "tSIAWu1RQ4rMIHkPYsxPPweLy5UrW+OFxl9KkWXXobs=",
            "content_base64sha512": "b0yQsN1vZ7fbRPIfe9A80yZySholCAsdY0vNK5Vk7SBlBin3C+OSN3vnVKyyAhUlnLmEMkYRjTWiIHvGzSrLYw==",
            "content_md5": "e2a77e51d44a1aab5b21ebb667ef1973",
            "content_sha1": "184c90a4df0339cee888289d683bb7267652e24b",
            "content_sha256": "b522005aed51438acc20790f62cc4f3f078bcb952b5be385c65f4a9165d7a1bb",
            "content_sha512": "6f4c90b0dd6f67b7db44f21f7bd03cd326724a1a25080b1d634bcd2b9564ed20650629f70be392377be754acb20215259cb9843246118d35a2207bc6cd2acb63",
            "directory_permission": "0777",
            "file_permission": "0777",
            "filename": "example/my_local_file2",
            "id": "184c90a4df0339cee888289d683bb7267652e24b",
            "sensitive_content": null,
            "source": null
          },
          "sensitive_attributes": [],
          "dependencies": [
            "local_file.test_file"
          ]
        }
      ]
    }
  ],
  "check_results": null
}
