{
  "version": 4,
  "terraform_version": "1.3.7",
  "serial": 8,
  "lineage": "c553c631-6df7-7d06-ec34-bfeeeff36431",
  "outputs": {},
  "resources": [
    {
      "mode": "managed",
      "type": "local_file",
      "name": "test_file",
      "provider": "provider[\"registry.terraform.io/hashicorp/local\"]",
      "instances": [
        {
          "schema_version": 0,
          "attributes": {
            "content": "This is first local file",
            "content_base64": null,
            "content_base64sha256": "KBnHTT6tKAy7Hw5JWHcpVtgwK9JipARwFniENPqbbdY=",
            "content_base64sha512": "imQipFszmFVkU0Kk/p7rOIe1Pi0MocJRcUNNwKNsJl5D8ESEvEdBiv+T/6U/1unqOcIowxh13c1NHRROf2CW9Q==",
            "content_md5": "736e78ce233dbf5f15e49603e72b7894",
            "content_sha1": "405e275458fd75cc1aeef1a4cdfb51b3742b8f94",
            "content_sha256": "2819c74d3ead280cbb1f0e4958772956d8302bd262a4047016788434fa9b6dd6",
            "content_sha512": "8a6422a45b339855645342a4fe9eeb3887b53e2d0ca1c25171434dc0a36c265e43f04484bc47418aff93ffa53fd6e9ea39c228c31875ddcd4d1d144e7f6096f5",
            "directory_permission": "0777",
            "file_permission": "0777",
            "filename": "example/my_local_file",
            "id": "405e275458fd75cc1aeef1a4cdfb51b3742b8f94",
            "sensitive_content": null,
            "source": null
          },
          "sensitive_attributes": []
        }
      ]
    },
    {
      "mode": "managed",
      "type": "local_file",
      "name": "test_file1",
      "provider": "provider[\"registry.terraform.io/hashicorp/local\"]",
      "instances": [
        {
          "schema_version": 0,
          "attributes": {
            "content": "This is overridden default content. Id of first file is 405e275458fd75cc1aeef1a4cdfb51b3742b8f94",
            "content_base64": null,
            "content_base64sha256": "5tDLmuRBxPgZPo5XVYhNOWPcQBjEjKfUUi9aIJVTGcY=",
            "content_base64sha512": "qVZsdd1LU1mTHVFHlmj2TQDCIaICALMZrks27Fc0PxGrU992esEs1zlBL4OKU7ZRy8Q48EUBhuwJ3mTXbnbFjg==",
            "content_md5": "92ef83fcd2051663725758cf15a93129",
            "content_sha1": "c06dca53237a1530cdfcff3032ae3dea33a8cb02",
            "content_sha256": "e6d0cb9ae441c4f8193e8e5755884d3963dc4018c48ca7d4522f5a20955319c6",
            "content_sha512": "a9566c75dd4b5359931d51479668f64d00c221a20200b319ae4b36ec57343f11ab53df767ac12cd739412f838a53b651cbc438f0450186ec09de64d76e76c58e",
            "directory_permission": "0777",
            "file_permission": "0777",
            "filename": "example/my_local_file2",
            "id": "c06dca53237a1530cdfcff3032ae3dea33a8cb02",
            "sensitive_content": null,
            "source": null
          },
          "sensitive_attributes": [],
          "dependencies": [
            "local_file.test_file"
          ]
        }
      ]
    }
  ],
  "check_results": null
}
