{
  "version": 4,
  "terraform_version": "1.3.7",
  "serial": 5,
  "lineage": "c553c631-6df7-7d06-ec34-bfeeeff36431",
  "outputs": {},
  "resources": [
    {
      "mode": "managed",
      "type": "local_file",
      "name": "test_file",
      "provider": "provider[\"registry.terraform.io/hashicorp/local\"]",
      "instances": [
        {
          "schema_version": 0,
          "attributes": {
            "content": "This is first local file",
            "content_base64": null,
            "content_base64sha256": "KBnHTT6tKAy7Hw5JWHcpVtgwK9JipARwFniENPqbbdY=",
            "content_base64sha512": "imQipFszmFVkU0Kk/p7rOIe1Pi0MocJRcUNNwKNsJl5D8ESEvEdBiv+T/6U/1unqOcIowxh13c1NHRROf2CW9Q==",
            "content_md5": "736e78ce233dbf5f15e49603e72b7894",
            "content_sha1": "405e275458fd75cc1aeef1a4cdfb51b3742b8f94",
            "content_sha256": "2819c74d3ead280cbb1f0e4958772956d8302bd262a4047016788434fa9b6dd6",
            "content_sha512": "8a6422a45b339855645342a4fe9eeb3887b53e2d0ca1c25171434dc0a36c265e43f04484bc47418aff93ffa53fd6e9ea39c228c31875ddcd4d1d144e7f6096f5",
            "directory_permission": "0777",
            "file_permission": "0777",
            "filename": "example/my_local_file",
            "id": "405e275458fd75cc1aeef1a4cdfb51b3742b8f94",
            "sensitive_content": null,
            "source": null
          },
          "sensitive_attributes": []
        }
      ]
    },
    {
      "mode": "managed",
      "type": "local_file",
      "name": "test_file1",
      "provider": "provider[\"registry.terraform.io/hashicorp/local\"]",
      "instances": [
        {
          "schema_version": 0,
          "attributes": {
            "content": "This is the default value",
            "content_base64": null,
            "content_base64sha256": "I0C/Q2Uxq9SlkzB/Uc7bxZdnOy6ohH+9+mdOVVZf63U=",
            "content_base64sha512": "UqC3c0+Ix/G/n8IUe57Z8GCf0IlzoqEe9CskCYrJ2ufndAhw6/UyA+2/CLtV4nLTyoiOGoInEZRgp3zetkKgCA==",
            "content_md5": "484268ccbf1618630c834982f60ef71b",
            "content_sha1": "73a86d9ab385a9a7753033e0ffb5386789e48d5c",
            "content_sha256": "2340bf436531abd4a593307f51cedbc597673b2ea8847fbdfa674e55565feb75",
            "content_sha512": "52a0b7734f88c7f1bf9fc2147b9ed9f0609fd08973a2a11ef42b24098ac9dae7e7740870ebf53203edbf08bb55e272d3ca888e1a8227119460a77cdeb642a008",
            "directory_permission": "0777",
            "file_permission": "0777",
            "filename": "example/my_local_file2",
            "id": "73a86d9ab385a9a7753033e0ffb5386789e48d5c",
            "sensitive_content": null,
            "source": null
          },
          "sensitive_attributes": []
        }
      ]
    }
  ],
  "check_results": null
}
