{
  "version": 4,
  "terraform_version": "1.4.2",
  "serial": 19,
  "lineage": "2109ce84-ff79-c494-0ce8-06ca83ba6bc9",
  "outputs": {
    "admin-user-arn": {
      "value": "arn:aws:iam::000000000000:user/admin-user",
      "type": "string"
    },
    "sample-bucket-arn": {
      "value": "arn:aws:s3:::sample-bucket",
      "type": "string"
    }
  },
  "resources": [
    {
      "mode": "data",
      "type": "aws_iam_policy",
      "name": "administrator-access",
      "provider": "provider[\"registry.terraform.io/hashicorp/aws\"]",
      "instances": [
        {
          "schema_version": 0,
          "attributes": {
            "arn": "arn:aws:iam::aws:policy/AdministratorAccess",
            "description": "",
            "id": "arn:aws:iam::aws:policy/AdministratorAccess",
            "name": "AdministratorAccess",
            "path": "/",
            "path_prefix": null,
            "policy": "{\"Statement\": [{\"Action\": \"*\", \"Effect\": \"Allow\", \"Resource\": \"*\"}], \"Version\": \"2012-10-17\"}",
            "policy_id": "A0UNHVWQ6QVUKDU6TNB8W",
            "tags": {}
          },
          "sensitive_attributes": []
        }
      ]
    },
    {
      "mode": "managed",
      "type": "aws_iam_group",
      "name": "s3-sample-user-group",
      "provider": "provider[\"registry.terraform.io/hashicorp/aws\"]",
      "instances": [
        {
          "schema_version": 0,
          "attributes": {
            "arn": "arn:aws:iam::000000000000:group/s3-sample-user-group",
            "id": "s3-sample-user-group",
            "name": "s3-sample-user-group",
            "path": "/",
            "unique_id": "n5you4np1sr5ctnv3hmj"
          },
          "sensitive_attributes": [],
          "private": "bnVsbA=="
        }
      ]
    },
    {
      "mode": "managed",
      "type": "aws_iam_user",
      "name": "admin-user",
      "provider": "provider[\"registry.terraform.io/hashicorp/aws\"]",
      "instances": [
        {
          "schema_version": 0,
          "attributes": {
            "arn": "arn:aws:iam::000000000000:user/admin-user",
            "force_destroy": false,
            "id": "admin-user",
            "name": "admin-user",
            "path": "/",
            "permissions_boundary": null,
            "tags": {},
            "tags_all": {},
            "unique_id": "z4hpr3o9twhlmqz0yhe4"
          },
          "sensitive_attributes": [],
          "private": "bnVsbA=="
        }
      ]
    },
    {
      "mode": "managed",
      "type": "aws_iam_user_policy_attachment",
      "name": "admin-user-policy",
      "provider": "provider[\"registry.terraform.io/hashicorp/aws\"]",
      "instances": [
        {
          "schema_version": 0,
          "attributes": {
            "id": "admin-user-20230318161931995800000001",
            "policy_arn": "arn:aws:iam::aws:policy/AdministratorAccess",
            "user": "admin-user"
          },
          "sensitive_attributes": [],
          "private": "bnVsbA==",
          "dependencies": [
            "aws_iam_user.admin-user",
            "data.aws_iam_policy.administrator-access"
          ]
        }
      ]
    },
    {
      "mode": "managed",
      "type": "aws_instance",
      "name": "webserver",
      "provider": "provider[\"registry.terraform.io/hashicorp/aws\"]",
      "instances": [
        {
          "schema_version": 1,
          "attributes": {
            "ami": "ami-0a2457eba250ca23d",
            "arn": "arn:aws:ec2:ap-south-1::instance/i-67778cf469533558e",
            "associate_public_ip_address": true,
            "availability_zone": "ap-south-1a",
            "capacity_reservation_specification": [],
            "cpu_core_count": null,
            "cpu_threads_per_core": null,
            "credit_specification": [],
            "disable_api_stop": false,
            "disable_api_termination": false,
            "ebs_block_device": [],
            "ebs_optimized": false,
            "enclave_options": [],
            "ephemeral_block_device": [],
            "get_password_data": false,
            "hibernation": null,
            "host_id": "",
            "host_resource_group_arn": null,
            "iam_instance_profile": "",
            "id": "i-67778cf469533558e",
            "instance_initiated_shutdown_behavior": "stop",
            "instance_state": "running",
            "instance_type": "t2.micro",
            "ipv6_address_count": 0,
            "ipv6_addresses": [],
            "key_name": "terraform-20230319071113931900000001",
            "launch_template": [],
            "maintenance_options": [],
            "metadata_options": [],
            "monitoring": false,
            "network_interface": [],
            "outpost_arn": "",
            "password_data": "",
            "placement_group": "",
            "placement_partition_number": 0,
            "primary_network_interface_id": "eni-0fdfe143",
            "private_dns": "ip-10-199-177-232.ap-south-1.compute.internal",
            "private_dns_name_options": [],
            "private_ip": "10.199.177.232",
            "public_dns": "ec2-54-214-18-2.ap-south-1.compute.amazonaws.com",
            "public_ip": "54.214.18.2",
            "root_block_device": [
              {
                "delete_on_termination": true,
                "device_name": "/dev/sda1",
                "encrypted": false,
                "iops": 0,
                "kms_key_id": "",
                "tags": {},
                "throughput": 0,
                "volume_id": "vol-d3e46562",
                "volume_size": 8,
                "volume_type": "gp2"
              }
            ],
            "secondary_private_ips": [],
            "security_groups": [],
            "source_dest_check": true,
            "subnet_id": "subnet-4182fdb6",
            "tags": {
              "name": "nginx-webserver"
            },
            "tags_all": {
              "name": "nginx-webserver"
            },
            "tenancy": "default",
            "timeouts": null,
            "user_data": "bc2fc4033f462802d5a4b2dd02aaff88ed33ccbb",
            "user_data_base64": null,
            "user_data_replace_on_change": false,
            "volume_tags": null,
            "vpc_security_group_ids": []
          },
          "sensitive_attributes": [],
          "private": "eyJlMmJmYjczMC1lY2FhLTExZTYtOGY4OC0zNDM2M2JjN2M0YzAiOnsiY3JlYXRlIjo2MDAwMDAwMDAwMDAsImRlbGV0ZSI6MTIwMDAwMDAwMDAwMCwidXBkYXRlIjo2MDAwMDAwMDAwMDB9LCJzY2hlbWFfdmVyc2lvbiI6IjEifQ==",
          "dependencies": [
            "aws_key_pair.webserver-key"
          ]
        }
      ]
    },
    {
      "mode": "managed",
      "type": "aws_key_pair",
      "name": "webserver-key",
      "provider": "provider[\"registry.terraform.io/hashicorp/aws\"]",
      "instances": [
        {
          "schema_version": 1,
          "attributes": {
            "arn": "arn:aws:ec2:ap-south-1::key-pair/terraform-20230319071113931900000001",
            "fingerprint": "46:cf:01:58:dd:47:29:b8:b5:cd:5f:d8:d7:00:73:c5",
            "id": "terraform-20230319071113931900000001",
            "key_name": "terraform-20230319071113931900000001",
            "key_name_prefix": "terraform-",
            "key_pair_id": "key-141baf86",
            "key_type": "",
            "public_key": "ssh-rsa AAAAB3NzaC1yc2EAAAADAQABAAACAQDVek1V4ohaHNK2MmZgeOsnR9xSsL99wVCijnv5xBWFukX6p67YE2lNlUqyxE0Ac2bndx4kmJrV0/McDX3iilaiDf7MGwWSyxUC6qIA0+tu62EOh6q6Fgu6MwFJR8BkVwnn0wXGyteX+V+8BElNflwUzuvsSaBtqe8DnmScZfT5SzGbaB6HSOh3zWhTFaQSdY6UDak3C5MlUR8OBZI2LbH/qaSMHABW1/BhGBNuFUIs+tC4M9Ic9+hMZhDVZEvUeDlquZU3gjHRQjbIEHStB2kGR4vaqKyczKtF97jgrC01WAr93+4IcdY/qCpYzXpfAEDyZr4f6Ay90lxeVO311YbmS85ONdg/bzkgi0D1+1WrpLANFwwEcqvOiuNSPHeRzp+dwzP+mJsz4aINNJmivakrNDSWcsxShlkZmJq0/v5GJc8NtB4Iv9w2zITdrdyNWwjGJqRLDkhoGQVuMZGBTSkKwaVN/IQPQwsH9V3qjLy7BxGW3gHfFxPaq28WoG+EIeqDQf3NQOXE8JCKlpUyRVaYhhvnlEhNet6UGQMkjT9TaRvamOYr28b/PtC938P1wJbIK5h6Q59E77hscxsYRYi9zGAwUX3rkh3NmXoaV1DFzTG2o9lS7fZc/GmoNama7LB6xhDrEAh9AgSHPZKs3frlgbnBExASr0XLKtyC47TChQ== avinashsaraf@Avinashs-MacBook-Pro.local",
            "tags": {},
            "tags_all": {}
          },
          "sensitive_attributes": [],
          "private": "eyJzY2hlbWFfdmVyc2lvbiI6IjEifQ=="
        }
      ]
    },
    {
      "mode": "managed",
      "type": "aws_s3_bucket",
      "name": "create-sample-bucket",
      "provider": "provider[\"registry.terraform.io/hashicorp/aws\"]",
      "instances": [
        {
          "schema_version": 0,
          "attributes": {
            "acceleration_status": "",
            "acl": null,
            "arn": "arn:aws:s3:::sample-bucket",
            "bucket": "sample-bucket",
            "bucket_domain_name": "sample-bucket.s3.amazonaws.com",
            "bucket_prefix": null,
            "bucket_regional_domain_name": "sample-bucket.s3.ap-south-1.amazonaws.com",
            "cors_rule": [],
            "force_destroy": false,
            "grant": [
              {
                "id": "75aa57f09aa0c8caeab4f8c24e99d10f8e7faeebf76c078efc7c6caea54ba06a",
                "permissions": [
                  "FULL_CONTROL"
                ],
                "type": "CanonicalUser",
                "uri": ""
              }
            ],
            "hosted_zone_id": "Z11RGJOFQNVJUP",
            "id": "sample-bucket",
            "lifecycle_rule": [],
            "logging": [],
            "object_lock_configuration": [],
            "object_lock_enabled": false,
            "policy": "{\"Statement\":[{\"Aciton\":\"*\",\"Effect\":\"Allow\",\"Principal\":{\"AWS\":[\"arn:aws:iam::000000000000:group/s3-sample-user-group\"]},\"Resource\":\"arn:aws:s3:::sample-bucket/*\"}],\"Version\":\"2012-10-17\"}",
            "region": "ap-south-1",
            "replication_configuration": [],
            "request_payer": "BucketOwner",
            "server_side_encryption_configuration": [],
            "tags": {
              "description": "A sample bucket in localstack"
            },
            "tags_all": {
              "description": "A sample bucket in localstack"
            },
            "timeouts": null,
            "versioning": [
              {
                "enabled": false,
                "mfa_delete": false
              }
            ],
            "website": [],
            "website_domain": null,
            "website_endpoint": null
          },
          "sensitive_attributes": [],
          "private": "eyJlMmJmYjczMC1lY2FhLTExZTYtOGY4OC0zNDM2M2JjN2M0YzAiOnsiY3JlYXRlIjoxMjAwMDAwMDAwMDAwLCJkZWxldGUiOjM2MDAwMDAwMDAwMDAsInJlYWQiOjEyMDAwMDAwMDAwMDAsInVwZGF0ZSI6MTIwMDAwMDAwMDAwMH19"
        }
      ]
    },
    {
      "mode": "managed",
      "type": "aws_s3_bucket_object",
      "name": "upload-sample-file",
      "provider": "provider[\"registry.terraform.io/hashicorp/aws\"]",
      "instances": [
        {
          "schema_version": 0,
          "attributes": {
            "acl": "private",
            "bucket": "sample-bucket",
            "bucket_key_enabled": false,
            "cache_control": "",
            "content": "./terraform-tf-state.backup",
            "content_base64": null,
            "content_disposition": "",
            "content_encoding": "",
            "content_language": "",
            "content_type": "binary/octet-stream",
            "etag": "3763af3720b24bf5710ebf885717db61",
            "force_destroy": false,
            "id": "terraform-tf-state.backup",
            "key": "terraform-tf-state.backup",
            "kms_key_id": null,
            "metadata": {},
            "object_lock_legal_hold_status": "",
            "object_lock_mode": "",
            "object_lock_retain_until_date": "",
            "server_side_encryption": "",
            "source": null,
            "source_hash": null,
            "storage_class": "STANDARD",
            "tags": {},
            "tags_all": {},
            "version_id": "",
            "website_redirect": ""
          },
          "sensitive_attributes": [],
          "private": "bnVsbA==",
          "dependencies": [
            "aws_s3_bucket.create-sample-bucket"
          ]
        }
      ]
    },
    {
      "mode": "managed",
      "type": "aws_s3_bucket_policy",
      "name": "sample-group-bucket-policy",
      "provider": "provider[\"registry.terraform.io/hashicorp/aws\"]",
      "instances": [
        {
          "schema_version": 0,
          "attributes": {
            "bucket": "sample-bucket",
            "id": "sample-bucket",
            "policy": "{\"Statement\":[{\"Aciton\":\"*\",\"Effect\":\"Allow\",\"Principal\":{\"AWS\":[\"arn:aws:iam::000000000000:group/s3-sample-user-group\"]},\"Resource\":\"arn:aws:s3:::sample-bucket/*\"}],\"Version\":\"2012-10-17\"}"
          },
          "sensitive_attributes": [],
          "private": "bnVsbA==",
          "dependencies": [
            "aws_iam_group.s3-sample-user-group",
            "aws_s3_bucket.create-sample-bucket"
          ]
        }
      ]
    },
    {
      "mode": "managed",
      "type": "aws_security_group",
      "name": "ssh-access",
      "provider": "provider[\"registry.terraform.io/hashicorp/aws\"]",
      "instances": [
        {
          "schema_version": 1,
          "attributes": {
            "arn": "arn:aws:ec2:ap-south-1:000000000000:security-group/sg-d28198f3b08bc9393",
            "description": "allow ssh from internet",
            "egress": [],
            "id": "sg-d28198f3b08bc9393",
            "ingress": [
              {
                "cidr_blocks": [
                  "0.0.0.0/0"
                ],
                "description": "",
                "from_port": 22,
                "ipv6_cidr_blocks": [],
                "prefix_list_ids": [],
                "protocol": "tcp",
                "security_groups": [],
                "self": false,
                "to_port": 22
              }
            ],
            "name": "ssh-access",
            "name_prefix": "",
            "owner_id": "000000000000",
            "revoke_rules_on_delete": false,
            "tags": null,
            "tags_all": {},
            "timeouts": null,
            "vpc_id": "vpc-005d893b"
          },
          "sensitive_attributes": [],
          "private": "eyJlMmJmYjczMC1lY2FhLTExZTYtOGY4OC0zNDM2M2JjN2M0YzAiOnsiY3JlYXRlIjo2MDAwMDAwMDAwMDAsImRlbGV0ZSI6OTAwMDAwMDAwMDAwfSwic2NoZW1hX3ZlcnNpb24iOiIxIn0="
        }
      ]
    }
  ],
  "check_results": null
}
