{
  "version": 4,
  "terraform_version": "1.3.7",
  "serial": 4,
  "lineage": "e1a0423f-00e8-740a-df42-3678d2abd170",
  "outputs": {
    "admin-user-arn": {
      "value": "arn:aws:iam::000000000000:user/admin-user",
      "type": "string"
    }
  },
  "resources": [
    {
      "mode": "data",
      "type": "aws_iam_policy",
      "name": "administrator-access",
      "provider": "provider[\"registry.terraform.io/hashicorp/aws\"]",
      "instances": [
        {
          "schema_version": 0,
          "attributes": {
            "arn": "arn:aws:iam::aws:policy/AdministratorAccess",
            "description": "",
            "id": "arn:aws:iam::aws:policy/AdministratorAccess",
            "name": "AdministratorAccess",
            "path": "/",
            "path_prefix": null,
            "policy": "{\"Statement\": [{\"Action\": \"*\", \"Effect\": \"Allow\", \"Resource\": \"*\"}], \"Version\": \"2012-10-17\"}",
            "policy_id": "AWYO2PBLR7XFNRT1SM8P7",
            "tags": {}
          },
          "sensitive_attributes": []
        }
      ]
    },
    {
      "mode": "managed",
      "type": "aws_iam_user",
      "name": "admin-user",
      "provider": "provider[\"registry.terraform.io/hashicorp/aws\"]",
      "instances": [
        {
          "schema_version": 0,
          "attributes": {
            "arn": "arn:aws:iam::000000000000:user/admin-user",
            "force_destroy": false,
            "id": "admin-user",
            "name": "admin-user",
            "path": "/",
            "permissions_boundary": null,
            "tags": {},
            "tags_all": {},
            "unique_id": "9cmgkmhaxpwlfnsdbw1q"
          },
          "sensitive_attributes": [],
          "private": "bnVsbA=="
        }
      ]
    },
    {
      "mode": "managed",
      "type": "aws_iam_user_policy_attachment",
      "name": "admin-user-policy",
      "provider": "provider[\"registry.terraform.io/hashicorp/aws\"]",
      "instances": [
        {
          "schema_version": 0,
          "attributes": {
            "id": "admin-user-20230318082538832500000001",
            "policy_arn": "arn:aws:iam::aws:policy/AdministratorAccess",
            "user": "admin-user"
          },
          "sensitive_attributes": [],
          "private": "bnVsbA==",
          "dependencies": [
            "aws_iam_user.admin-user",
            "data.aws_iam_policy.administrator-access"
          ]
        }
      ]
    }
  ],
  "check_results": null
}
